{
  "name": "nodelib",
  "version": "1.0.0",
  "lockfileVersion": 1,
  "requires": true,
  "dependencies": {
    "google-protobuf": {
      "version": "3.21.2",
      "resolved": "https://registry.npmjs.org/google-protobuf/-/google-protobuf-3.21.2.tgz",
      "integrity": "sha512-3MSOYFO5U9mPGikIYCzK0SaThypfGgS6bHqrUGXG3DPHCrb+txNqeEcns1W0lkGfk0rCyNXm7xB9rMxnCiZOoA=="
    },
    "grpc-web": {
      "version": "1.4.2",
      "resolved": "https://registry.npmjs.org/grpc-web/-/grpc-web-1.4.2.tgz",
      "integrity": "sha512-gUxWq42l5ldaRplcKb4Pw5O4XBONWZgz3vxIIXnfIeJj8Jc3wYiq2O4c9xzx/NGbbPEej4rhI62C9eTENwLGNw=="
    },
    "hex-string": {
      "version": "1.0.3",
      "resolved": "https://registry.npmjs.org/hex-string/-/hex-string-1.0.3.tgz",
      "integrity": "sha512-nnSDAUKRJ+LZwt44GCwu/JIkFr2gYB6RMX7toUlx3RAOLn/gfiLVQjSovlgTzTu7zxBPUzAme/0MPHR0kMGQ8g=="
    },
    "w3c-xmlhttprequest": {
      "version": "git+https://github.com/ykzts/node-xmlhttprequest.git#eae75ae88d5afdeaaf62f2ffaf502b8374974972",
      "from": "git+https://github.com/ykzts/node-xmlhttprequest.git"
    }
  }
}
